# This file is autogenerated, do not edit; changes may be undone by the next 'dep ensure'.


[[projects]]
  name = "github.com/cenkalti/backoff"
  packages = ["."]
  revision = "61153c768f31ee5f130071d08fc82b85208528de"
  version = "v1.1.0"

[[projects]]
  name = "github.com/deanishe/awgo"
  packages = [
    ".",
    "fuzzy",
    "util"
  ]
  revision = "b5dde3a4a8e1e9ae7256f3c714e8557ba08208b6"
  version = "v0.12"

[[projects]]
  name = "github.com/zorkian/go-datadog-api"
  packages = ["."]
  revision = "fa40c76e4030afa1f7fe07bfbc92f01f22c9f40e"
  version = "v2.8.3"

[[projects]]
  branch = "master"
  name = "golang.org/x/net"
  packages = ["context"]
  revision = "6078986fec03a1dcc236c34816c71b0e05018fda"

[[projects]]
  name = "golang.org/x/text"
  packages = [
    "internal/gen",
    "internal/triegen",
    "internal/ucd",
    "transform",
    "unicode/cldr",
    "unicode/norm"
  ]
  revision = "f21a4dfb5e38f5895301dc265a8def02365cc3d0"
  version = "v0.3.0"

[solve-meta]
  analyzer-name = "dep"
  analyzer-version = 1
  inputs-digest = "29be7ea246559cd730017d418254f35a821aa0d49d15d82064bea99be0d98508"
  solver-name = "gps-cdcl"
  solver-version = 1
