# This file is autogenerated, do not edit; changes may be undone by the next 'dep ensure'.


[[projects]]
  name = "github.com/cenkalti/backoff"
  packages = ["."]
  revision = "61153c768f31ee5f130071d08fc82b85208528de"
  version = "v1.1.0"

[[projects]]
  name = "github.com/deanishe/awgo"
  packages = [
    ".",
    "fuzzy",
    "util"
  ]
  revision = "b5dde3a4a8e1e9ae7256f3c714e8557ba08208b6"
  version = "v0.12"

[[projects]]
  name = "github.com/zorkian/go-datadog-api"
  packages = ["."]
  revision = "6db99b254ab9c82020abcdc8f702f6075f438603"
  version = "v2.5"

[[projects]]
  branch = "master"
  name = "golang.org/x/net"
  packages = ["context"]
  revision = "c7086645de248775cbf2373cf5ca4d2fa664b8c1"

[[projects]]
  branch = "master"
  name = "golang.org/x/text"
  packages = [
    "internal/gen",
    "internal/triegen",
    "internal/ucd",
    "transform",
    "unicode/cldr",
    "unicode/norm"
  ]
  revision = "88f656faf3f37f690df1a32515b479415e1a6769"

[solve-meta]
  analyzer-name = "dep"
  analyzer-version = 1
  inputs-digest = "29be7ea246559cd730017d418254f35a821aa0d49d15d82064bea99be0d98508"
  solver-name = "gps-cdcl"
  solver-version = 1
